// !$*UTF8*$!
{
	archiveVersion = 1;
	classes = {
	};
	objectVersion = 56;
	objects = {

/* Begin PBXBuildFile section */
		A583DF162A9A9F8900D4FEC1 /* main.cpp in Sources */ = {isa = PBXBuildFile; fileRef = A583DF152A9A9F8900D4FEC1 /* main.cpp */; };
		A583DF552AA3778300D4FEC1 /* SDL2.framework in Frameworks */ = {isa = PBXBuildFile; fileRef = A583DF212A9A9FCE00D4FEC1 /* SDL2.framework */; };
		A583DF592AA3785700D4FEC1 /* SDL2_ttf.framework in Frameworks */ = {isa = PBXBuildFile; fileRef = A583DF1D2A9A9FC000D4FEC1 /* SDL2_ttf.framework */; };
		A583DF5B2AA3785700D4FEC1 /* SDL2_image.framework in Frameworks */ = {isa = PBXBuildFile; fileRef = A583DF1E2A9A9FC000D4FEC1 /* SDL2_image.framework */; };
		A590629A2AC8932F0058A1BA /* renderer.cpp in Sources */ = {isa = PBXBuildFile; fileRef = A59062652AC8932F0058A1BA /* renderer.cpp */; };
		A590629B2AC8932F0058A1BA /* game.cpp in Sources */ = {isa = PBXBuildFile; fileRef = A59062672AC8932F0058A1BA /* game.cpp */; };
		A590629C2AC8932F0058A1BA /* vector2.cpp in Sources */ = {isa = PBXBuildFile; fileRef = A590626D2AC8932F0058A1BA /* vector2.cpp */; };
		A590629D2AC8932F0058A1BA /* keyboard_input.cpp in Sources */ = {isa = PBXBuildFile; fileRef = A59062712AC8932F0058A1BA /* keyboard_input.cpp */; };
		A590629E2AC8932F0058A1BA /* input_manager.cpp in Sources */ = {isa = PBXBuildFile; fileRef = A59062722AC8932F0058A1BA /* input_manager.cpp */; };
		A590629F2AC8932F0058A1BA /* arrow_input.cpp in Sources */ = {isa = PBXBuildFile; fileRef = A59062732AC8932F0058A1BA /* arrow_input.cpp */; };
		A59062A02AC8932F0058A1BA /* ascii_art_object.cpp in Sources */ = {isa = PBXBuildFile; fileRef = A59062762AC8932F0058A1BA /* ascii_art_object.cpp */; };
		A59062A12AC8932F0058A1BA /* object.cpp in Sources */ = {isa = PBXBuildFile; fileRef = A590627A2AC8932F0058A1BA /* object.cpp */; };
		A59062A22AC8932F0058A1BA /* loader_params.cpp in Sources */ = {isa = PBXBuildFile; fileRef = A590627D2AC8932F0058A1BA /* loader_params.cpp */; };
		A59062A32AC8932F0058A1BA /* sdl_object.cpp in Sources */ = {isa = PBXBuildFile; fileRef = A590627E2AC8932F0058A1BA /* sdl_object.cpp */; };
		A59062A42AC8932F0058A1BA /* room_instance.cpp in Sources */ = {isa = PBXBuildFile; fileRef = A59062802AC8932F0058A1BA /* room_instance.cpp */; };
		A59062A52AC8932F0058A1BA /* texture_manager.cpp in Sources */ = {isa = PBXBuildFile; fileRef = A59062832AC8932F0058A1BA /* texture_manager.cpp */; };
		A59062A62AC8932F0058A1BA /* maze.cpp in Sources */ = {isa = PBXBuildFile; fileRef = A59062862AC8932F0058A1BA /* maze.cpp */; };
		A59062A72AC8932F0058A1BA /* player.cpp in Sources */ = {isa = PBXBuildFile; fileRef = A590628A2AC8932F0058A1BA /* player.cpp */; };
		A59062A82AC8932F0058A1BA /* room.cpp in Sources */ = {isa = PBXBuildFile; fileRef = A590628D2AC8932F0058A1BA /* room.cpp */; };
		A59062A92AC8932F0058A1BA /* mazeBuilder.cpp in Sources */ = {isa = PBXBuildFile; fileRef = A590628E2AC8932F0058A1BA /* mazeBuilder.cpp */; };
		A59062AA2AC8932F0058A1BA /* engine.cpp in Sources */ = {isa = PBXBuildFile; fileRef = A590628F2AC8932F0058A1BA /* engine.cpp */; };
		A59062AB2AC8932F0058A1BA /* ascii_art.cpp in Sources */ = {isa = PBXBuildFile; fileRef = A59062992AC8932F0058A1BA /* ascii_art.cpp */; };
/* End PBXBuildFile section */

/* Begin PBXCopyFilesBuildPhase section */
		A583DF102A9A9F8900D4FEC1 /* CopyFiles */ = {
			isa = PBXCopyFilesBuildPhase;
			buildActionMask = 2147483647;
			dstPath = /usr/share/man/man1/;
			dstSubfolderSpec = 0;
			files = (
			);
			runOnlyForDeploymentPostprocessing = 1;
		};
/* End PBXCopyFilesBuildPhase section */

/* Begin PBXFileReference section */
		A583DF122A9A9F8900D4FEC1 /* sdl_personal */ = {isa = PBXFileReference; explicitFileType = "compiled.mach-o.executable"; includeInIndex = 0; path = sdl_personal; sourceTree = BUILT_PRODUCTS_DIR; };
		A583DF152A9A9F8900D4FEC1 /* main.cpp */ = {isa = PBXFileReference; lastKnownFileType = sourcecode.cpp.cpp; path = main.cpp; sourceTree = "<group>"; };
		A583DF1D2A9A9FC000D4FEC1 /* SDL2_ttf.framework */ = {isa = PBXFileReference; lastKnownFileType = wrapper.framework; name = SDL2_ttf.framework; path = ../../../../../Library/Frameworks/SDL2_ttf.framework; sourceTree = "<group>"; };
		A583DF1E2A9A9FC000D4FEC1 /* SDL2_image.framework */ = {isa = PBXFileReference; lastKnownFileType = wrapper.framework; name = SDL2_image.framework; path = ../../../../../Library/Frameworks/SDL2_image.framework; sourceTree = "<group>"; };
		A583DF212A9A9FCE00D4FEC1 /* SDL2.framework */ = {isa = PBXFileReference; lastKnownFileType = wrapper.framework; name = SDL2.framework; path = ../../../../../Library/Frameworks/SDL2.framework; sourceTree = "<group>"; };
		A583DF232A9A9FF200D4FEC1 /* main.hpp */ = {isa = PBXFileReference; lastKnownFileType = sourcecode.cpp.h; path = main.hpp; sourceTree = "<group>"; };
		A583DF3A2A9CC26700D4FEC1 /* opencv */ = {isa = PBXFileReference; lastKnownFileType = folder; name = opencv; path = ../../../../../Library/Frameworks/opencv; sourceTree = "<group>"; };
		A583DF3D2A9CC81000D4FEC1 /* opencvbuild */ = {isa = PBXFileReference; lastKnownFileType = folder; name = opencvbuild; path = ../../../../../Library/Frameworks/opencvbuild; sourceTree = "<group>"; };
		A583DF3E2A9CC9BC00D4FEC1 /* opencv2.framework */ = {isa = PBXFileReference; lastKnownFileType = wrapper.framework; name = opencv2.framework; path = ../../../../../Library/Frameworks/opencv2.framework; sourceTree = "<group>"; };
		A583DF422A9CE3DD00D4FEC1 /* AVFoundation.framework */ = {isa = PBXFileReference; lastKnownFileType = wrapper.framework; name = AVFoundation.framework; path = System/Library/Frameworks/AVFoundation.framework; sourceTree = SDKROOT; };
		A583DF582AA377C700D4FEC1 /* sdl_personal.entitlements */ = {isa = PBXFileReference; lastKnownFileType = text.plist.entitlements; path = sdl_personal.entitlements; sourceTree = "<group>"; };
		A59062642AC8932F0058A1BA /* renderer.hpp */ = {isa = PBXFileReference; fileEncoding = 4; lastKnownFileType = sourcecode.cpp.h; path = renderer.hpp; sourceTree = "<group>"; };
		A59062652AC8932F0058A1BA /* renderer.cpp */ = {isa = PBXFileReference; fileEncoding = 4; lastKnownFileType = sourcecode.cpp.cpp; path = renderer.cpp; sourceTree = "<group>"; };
		A59062662AC8932F0058A1BA /* game.hpp */ = {isa = PBXFileReference; fileEncoding = 4; lastKnownFileType = sourcecode.cpp.h; path = game.hpp; sourceTree = "<group>"; };
		A59062672AC8932F0058A1BA /* game.cpp */ = {isa = PBXFileReference; fileEncoding = 4; lastKnownFileType = sourcecode.cpp.cpp; path = game.cpp; sourceTree = "<group>"; };
		A59062692AC8932F0058A1BA /* howToDocument.txt */ = {isa = PBXFileReference; fileEncoding = 4; lastKnownFileType = text; path = howToDocument.txt; sourceTree = "<group>"; };
		A590626A2AC8932F0058A1BA /* how_to_add_doccumentation.rtf */ = {isa = PBXFileReference; fileEncoding = 4; lastKnownFileType = text.rtf; path = how_to_add_doccumentation.rtf; sourceTree = "<group>"; };
		A590626B2AC8932F0058A1BA /* libraries.hpp */ = {isa = PBXFileReference; fileEncoding = 4; lastKnownFileType = sourcecode.cpp.h; path = libraries.hpp; sourceTree = "<group>"; };
		A590626D2AC8932F0058A1BA /* vector2.cpp */ = {isa = PBXFileReference; fileEncoding = 4; lastKnownFileType = sourcecode.cpp.cpp; path = vector2.cpp; sourceTree = "<group>"; };
		A590626E2AC8932F0058A1BA /* vector2.hpp */ = {isa = PBXFileReference; fileEncoding = 4; lastKnownFileType = sourcecode.cpp.h; path = vector2.hpp; sourceTree = "<group>"; };
		A59062702AC8932F0058A1BA /* input_manager.hpp */ = {isa = PBXFileReference; fileEncoding = 4; lastKnownFileType = sourcecode.cpp.h; path = input_manager.hpp; sourceTree = "<group>"; };
		A59062712AC8932F0058A1BA /* keyboard_input.cpp */ = {isa = PBXFileReference; fileEncoding = 4; lastKnownFileType = sourcecode.cpp.cpp; path = keyboard_input.cpp; sourceTree = "<group>"; };
		A59062722AC8932F0058A1BA /* input_manager.cpp */ = {isa = PBXFileReference; fileEncoding = 4; lastKnownFileType = sourcecode.cpp.cpp; path = input_manager.cpp; sourceTree = "<group>"; };
		A59062732AC8932F0058A1BA /* arrow_input.cpp */ = {isa = PBXFileReference; fileEncoding = 4; lastKnownFileType = sourcecode.cpp.cpp; path = arrow_input.cpp; sourceTree = "<group>"; };
		A59062762AC8932F0058A1BA /* ascii_art_object.cpp */ = {isa = PBXFileReference; fileEncoding = 4; lastKnownFileType = sourcecode.cpp.cpp; path = ascii_art_object.cpp; sourceTree = "<group>"; };
		A59062772AC8932F0058A1BA /* ascii_art_object.hpp */ = {isa = PBXFileReference; fileEncoding = 4; lastKnownFileType = sourcecode.cpp.h; path = ascii_art_object.hpp; sourceTree = "<group>"; };
		A59062792AC8932F0058A1BA /* sdl_object.hpp */ = {isa = PBXFileReference; fileEncoding = 4; lastKnownFileType = sourcecode.cpp.h; path = sdl_object.hpp; sourceTree = "<group>"; };
		A590627A2AC8932F0058A1BA /* object.cpp */ = {isa = PBXFileReference; fileEncoding = 4; lastKnownFileType = sourcecode.cpp.cpp; path = object.cpp; sourceTree = "<group>"; };
		A590627B2AC8932F0058A1BA /* loader_params.hpp */ = {isa = PBXFileReference; fileEncoding = 4; lastKnownFileType = sourcecode.cpp.h; path = loader_params.hpp; sourceTree = "<group>"; };
		A590627C2AC8932F0058A1BA /* object.hpp */ = {isa = PBXFileReference; fileEncoding = 4; lastKnownFileType = sourcecode.cpp.h; path = object.hpp; sourceTree = "<group>"; };
		A590627D2AC8932F0058A1BA /* loader_params.cpp */ = {isa = PBXFileReference; fileEncoding = 4; lastKnownFileType = sourcecode.cpp.cpp; path = loader_params.cpp; sourceTree = "<group>"; };
		A590627E2AC8932F0058A1BA /* sdl_object.cpp */ = {isa = PBXFileReference; fileEncoding = 4; lastKnownFileType = sourcecode.cpp.cpp; path = sdl_object.cpp; sourceTree = "<group>"; };
		A59062802AC8932F0058A1BA /* room_instance.cpp */ = {isa = PBXFileReference; fileEncoding = 4; lastKnownFileType = sourcecode.cpp.cpp; path = room_instance.cpp; sourceTree = "<group>"; };
		A59062812AC8932F0058A1BA /* room_instance.hpp */ = {isa = PBXFileReference; fileEncoding = 4; lastKnownFileType = sourcecode.cpp.h; path = room_instance.hpp; sourceTree = "<group>"; };
		A59062832AC8932F0058A1BA /* texture_manager.cpp */ = {isa = PBXFileReference; fileEncoding = 4; lastKnownFileType = sourcecode.cpp.cpp; path = texture_manager.cpp; sourceTree = "<group>"; };
		A59062842AC8932F0058A1BA /* texture_manager.hpp */ = {isa = PBXFileReference; fileEncoding = 4; lastKnownFileType = sourcecode.cpp.h; path = texture_manager.hpp; sourceTree = "<group>"; };
		A59062862AC8932F0058A1BA /* maze.cpp */ = {isa = PBXFileReference; fileEncoding = 4; lastKnownFileType = sourcecode.cpp.cpp; path = maze.cpp; sourceTree = "<group>"; };
		A59062872AC8932F0058A1BA /* maze.hpp */ = {isa = PBXFileReference; fileEncoding = 4; lastKnownFileType = sourcecode.cpp.h; path = maze.hpp; sourceTree = "<group>"; };
		A59062892AC8932F0058A1BA /* engine.hpp */ = {isa = PBXFileReference; fileEncoding = 4; lastKnownFileType = sourcecode.cpp.h; path = engine.hpp; sourceTree = "<group>"; };
		A590628A2AC8932F0058A1BA /* player.cpp */ = {isa = PBXFileReference; fileEncoding = 4; lastKnownFileType = sourcecode.cpp.cpp; path = player.cpp; sourceTree = "<group>"; };
		A590628B2AC8932F0058A1BA /* room.hpp */ = {isa = PBXFileReference; fileEncoding = 4; lastKnownFileType = sourcecode.cpp.h; path = room.hpp; sourceTree = "<group>"; };
		A590628C2AC8932F0058A1BA /* mazeBuilder.hpp */ = {isa = PBXFileReference; fileEncoding = 4; lastKnownFileType = sourcecode.cpp.h; path = mazeBuilder.hpp; sourceTree = "<group>"; };
		A590628D2AC8932F0058A1BA /* room.cpp */ = {isa = PBXFileReference; fileEncoding = 4; lastKnownFileType = sourcecode.cpp.cpp; path = room.cpp; sourceTree = "<group>"; };
		A590628E2AC8932F0058A1BA /* mazeBuilder.cpp */ = {isa = PBXFileReference; fileEncoding = 4; lastKnownFileType = sourcecode.cpp.cpp; path = mazeBuilder.cpp; sourceTree = "<group>"; };
		A590628F2AC8932F0058A1BA /* engine.cpp */ = {isa = PBXFileReference; fileEncoding = 4; lastKnownFileType = sourcecode.cpp.cpp; path = engine.cpp; sourceTree = "<group>"; };
		A59062902AC8932F0058A1BA /* player.hpp */ = {isa = PBXFileReference; fileEncoding = 4; lastKnownFileType = sourcecode.cpp.h; path = player.hpp; sourceTree = "<group>"; };
		A59062922AC8932F0058A1BA /* ascii_art.hpp */ = {isa = PBXFileReference; fileEncoding = 4; lastKnownFileType = sourcecode.cpp.h; path = ascii_art.hpp; sourceTree = "<group>"; };
		A59062942AC8932F0058A1BA /* CourierPrime-BoldItalic.ttf */ = {isa = PBXFileReference; lastKnownFileType = file; path = "CourierPrime-BoldItalic.ttf"; sourceTree = "<group>"; };
		A59062952AC8932F0058A1BA /* CourierPrime-Bold.ttf */ = {isa = PBXFileReference; lastKnownFileType = file; path = "CourierPrime-Bold.ttf"; sourceTree = "<group>"; };
		A59062962AC8932F0058A1BA /* image.jpeg */ = {isa = PBXFileReference; lastKnownFileType = image.jpeg; path = image.jpeg; sourceTree = "<group>"; };
		A59062972AC8932F0058A1BA /* CourierPrime-Italic.ttf */ = {isa = PBXFileReference; lastKnownFileType = file; path = "CourierPrime-Italic.ttf"; sourceTree = "<group>"; };
		A59062982AC8932F0058A1BA /* CourierPrime-Regular.ttf */ = {isa = PBXFileReference; lastKnownFileType = file; path = "CourierPrime-Regular.ttf"; sourceTree = "<group>"; };
		A59062992AC8932F0058A1BA /* ascii_art.cpp */ = {isa = PBXFileReference; fileEncoding = 4; lastKnownFileType = sourcecode.cpp.cpp; path = ascii_art.cpp; sourceTree = "<group>"; };
/* End PBXFileReference section */

/* Begin PBXFrameworksBuildPhase section */
		A583DF0F2A9A9F8900D4FEC1 /* Frameworks */ = {
			isa = PBXFrameworksBuildPhase;
			buildActionMask = 2147483647;
			files = (
				A583DF5B2AA3785700D4FEC1 /* SDL2_image.framework in Frameworks */,
				A583DF592AA3785700D4FEC1 /* SDL2_ttf.framework in Frameworks */,
				A583DF552AA3778300D4FEC1 /* SDL2.framework in Frameworks */,
			);
			runOnlyForDeploymentPostprocessing = 0;
		};
/* End PBXFrameworksBuildPhase section */

/* Begin PBXGroup section */
		A583DF092A9A9F8900D4FEC1 = {
			isa = PBXGroup;
			children = (
				A583DF142A9A9F8900D4FEC1 /* sdl_personal */,
				A583DF132A9A9F8900D4FEC1 /* Products */,
				A583DF1C2A9A9FC000D4FEC1 /* Frameworks */,
			);
			sourceTree = "<group>";
		};
		A583DF132A9A9F8900D4FEC1 /* Products */ = {
			isa = PBXGroup;
			children = (
				A583DF122A9A9F8900D4FEC1 /* sdl_personal */,
			);
			name = Products;
			sourceTree = "<group>";
		};
		A583DF142A9A9F8900D4FEC1 /* sdl_personal */ = {
			isa = PBXGroup;
			children = (
				A583DF582AA377C700D4FEC1 /* sdl_personal.entitlements */,
				A59062912AC8932F0058A1BA /* ascii_art */,
				A59062622AC8932F0058A1BA /* game */,
				A590626F2AC8932F0058A1BA /* input */,
				A59062852AC8932F0058A1BA /* maze */,
				A59062742AC8932F0058A1BA /* objects */,
				A59062682AC8932F0058A1BA /* other */,
				A59062822AC8932F0058A1BA /* texture_manager */,
				A590626C2AC8932F0058A1BA /* vectors */,
				A583DF232A9A9FF200D4FEC1 /* main.hpp */,
				A583DF152A9A9F8900D4FEC1 /* main.cpp */,
			);
			path = sdl_personal;
			sourceTree = "<group>";
		};
		A583DF1C2A9A9FC000D4FEC1 /* Frameworks */ = {
			isa = PBXGroup;
			children = (
				A583DF422A9CE3DD00D4FEC1 /* AVFoundation.framework */,
				A583DF3E2A9CC9BC00D4FEC1 /* opencv2.framework */,
				A583DF3D2A9CC81000D4FEC1 /* opencvbuild */,
				A583DF3A2A9CC26700D4FEC1 /* opencv */,
				A583DF212A9A9FCE00D4FEC1 /* SDL2.framework */,
				A583DF1E2A9A9FC000D4FEC1 /* SDL2_image.framework */,
				A583DF1D2A9A9FC000D4FEC1 /* SDL2_ttf.framework */,
			);
			name = Frameworks;
			sourceTree = "<group>";
		};
		A59062622AC8932F0058A1BA /* game */ = {
			isa = PBXGroup;
			children = (
				A59062632AC8932F0058A1BA /* renderer */,
				A59062662AC8932F0058A1BA /* game.hpp */,
				A59062672AC8932F0058A1BA /* game.cpp */,
			);
			path = game;
			sourceTree = "<group>";
		};
		A59062632AC8932F0058A1BA /* renderer */ = {
			isa = PBXGroup;
			children = (
				A59062642AC8932F0058A1BA /* renderer.hpp */,
				A59062652AC8932F0058A1BA /* renderer.cpp */,
			);
			path = renderer;
			sourceTree = "<group>";
		};
		A59062682AC8932F0058A1BA /* other */ = {
			isa = PBXGroup;
			children = (
				A59062692AC8932F0058A1BA /* howToDocument.txt */,
				A590626A2AC8932F0058A1BA /* how_to_add_doccumentation.rtf */,
				A590626B2AC8932F0058A1BA /* libraries.hpp */,
			);
			path = other;
			sourceTree = "<group>";
		};
		A590626C2AC8932F0058A1BA /* vectors */ = {
			isa = PBXGroup;
			children = (
				A590626D2AC8932F0058A1BA /* vector2.cpp */,
				A590626E2AC8932F0058A1BA /* vector2.hpp */,
			);
			path = vectors;
			sourceTree = "<group>";
		};
		A590626F2AC8932F0058A1BA /* input */ = {
			isa = PBXGroup;
			children = (
				A59062702AC8932F0058A1BA /* input_manager.hpp */,
				A59062712AC8932F0058A1BA /* keyboard_input.cpp */,
				A59062722AC8932F0058A1BA /* input_manager.cpp */,
				A59062732AC8932F0058A1BA /* arrow_input.cpp */,
			);
			path = input;
			sourceTree = "<group>";
		};
		A59062742AC8932F0058A1BA /* objects */ = {
			isa = PBXGroup;
			children = (
				A59062752AC8932F0058A1BA /* ascii_objects */,
				A59062782AC8932F0058A1BA /* virtual */,
				A590627F2AC8932F0058A1BA /* maze_objects */,
			);
			path = objects;
			sourceTree = "<group>";
		};
		A59062752AC8932F0058A1BA /* ascii_objects */ = {
			isa = PBXGroup;
			children = (
				A59062762AC8932F0058A1BA /* ascii_art_object.cpp */,
				A59062772AC8932F0058A1BA /* ascii_art_object.hpp */,
			);
			path = ascii_objects;
			sourceTree = "<group>";
		};
		A59062782AC8932F0058A1BA /* virtual */ = {
			isa = PBXGroup;
			children = (
				A59062792AC8932F0058A1BA /* sdl_object.hpp */,
				A590627A2AC8932F0058A1BA /* object.cpp */,
				A590627B2AC8932F0058A1BA /* loader_params.hpp */,
				A590627C2AC8932F0058A1BA /* object.hpp */,
				A590627D2AC8932F0058A1BA /* loader_params.cpp */,
				A590627E2AC8932F0058A1BA /* sdl_object.cpp */,
			);
			path = virtual;
			sourceTree = "<group>";
		};
		A590627F2AC8932F0058A1BA /* maze_objects */ = {
			isa = PBXGroup;
			children = (
				A59062802AC8932F0058A1BA /* room_instance.cpp */,
				A59062812AC8932F0058A1BA /* room_instance.hpp */,
			);
			path = maze_objects;
			sourceTree = "<group>";
		};
		A59062822AC8932F0058A1BA /* texture_manager */ = {
			isa = PBXGroup;
			children = (
				A59062832AC8932F0058A1BA /* texture_manager.cpp */,
				A59062842AC8932F0058A1BA /* texture_manager.hpp */,
			);
			path = texture_manager;
			sourceTree = "<group>";
		};
		A59062852AC8932F0058A1BA /* maze */ = {
			isa = PBXGroup;
			children = (
				A59062862AC8932F0058A1BA /* maze.cpp */,
				A59062872AC8932F0058A1BA /* maze.hpp */,
				A59062882AC8932F0058A1BA /* files */,
			);
			path = maze;
			sourceTree = "<group>";
		};
		A59062882AC8932F0058A1BA /* files */ = {
			isa = PBXGroup;
			children = (
				A59062892AC8932F0058A1BA /* engine.hpp */,
				A590628A2AC8932F0058A1BA /* player.cpp */,
				A590628B2AC8932F0058A1BA /* room.hpp */,
				A590628C2AC8932F0058A1BA /* mazeBuilder.hpp */,
				A590628D2AC8932F0058A1BA /* room.cpp */,
				A590628E2AC8932F0058A1BA /* mazeBuilder.cpp */,
				A590628F2AC8932F0058A1BA /* engine.cpp */,
				A59062902AC8932F0058A1BA /* player.hpp */,
			);
			path = files;
			sourceTree = "<group>";
		};
		A59062912AC8932F0058A1BA /* ascii_art */ = {
			isa = PBXGroup;
			children = (
				A59062922AC8932F0058A1BA /* ascii_art.hpp */,
				A59062932AC8932F0058A1BA /* assets */,
				A59062992AC8932F0058A1BA /* ascii_art.cpp */,
			);
			path = ascii_art;
			sourceTree = "<group>";
		};
		A59062932AC8932F0058A1BA /* assets */ = {
			isa = PBXGroup;
			children = (
				A59062942AC8932F0058A1BA /* CourierPrime-BoldItalic.ttf */,
				A59062952AC8932F0058A1BA /* CourierPrime-Bold.ttf */,
				A59062962AC8932F0058A1BA /* image.jpeg */,
				A59062972AC8932F0058A1BA /* CourierPrime-Italic.ttf */,
				A59062982AC8932F0058A1BA /* CourierPrime-Regular.ttf */,
			);
			path = assets;
			sourceTree = "<group>";
		};
/* End PBXGroup section */

/* Begin PBXNativeTarget section */
		A583DF112A9A9F8900D4FEC1 /* sdl_personal */ = {
			isa = PBXNativeTarget;
			buildConfigurationList = A583DF192A9A9F8900D4FEC1 /* Build configuration list for PBXNativeTarget "sdl_personal" */;
			buildPhases = (
				A583DF0E2A9A9F8900D4FEC1 /* Sources */,
				A583DF0F2A9A9F8900D4FEC1 /* Frameworks */,
				A583DF102A9A9F8900D4FEC1 /* CopyFiles */,
			);
			buildRules = (
			);
			dependencies = (
			);
			name = sdl_personal;
			productName = sdl_personal;
			productReference = A583DF122A9A9F8900D4FEC1 /* sdl_personal */;
			productType = "com.apple.product-type.tool";
		};
/* End PBXNativeTarget section */

/* Begin PBXProject section */
		A583DF0A2A9A9F8900D4FEC1 /* Project object */ = {
			isa = PBXProject;
			attributes = {
				BuildIndependentTargetsInParallel = 1;
				LastUpgradeCheck = 1430;
				TargetAttributes = {
					A583DF112A9A9F8900D4FEC1 = {
						CreatedOnToolsVersion = 14.3.1;
					};
				};
			};
			buildConfigurationList = A583DF0D2A9A9F8900D4FEC1 /* Build configuration list for PBXProject "sdl_personal" */;
			compatibilityVersion = "Xcode 14.0";
			developmentRegion = en;
			hasScannedForEncodings = 0;
			knownRegions = (
				en,
				Base,
			);
			mainGroup = A583DF092A9A9F8900D4FEC1;
			productRefGroup = A583DF132A9A9F8900D4FEC1 /* Products */;
			projectDirPath = "";
			projectRoot = "";
			targets = (
				A583DF112A9A9F8900D4FEC1 /* sdl_personal */,
			);
		};
/* End PBXProject section */

/* Begin PBXSourcesBuildPhase section */
		A583DF0E2A9A9F8900D4FEC1 /* Sources */ = {
			isa = PBXSourcesBuildPhase;
			buildActionMask = 2147483647;
			files = (
				A59062A22AC8932F0058A1BA /* loader_params.cpp in Sources */,
				A59062AB2AC8932F0058A1BA /* ascii_art.cpp in Sources */,
				A590629E2AC8932F0058A1BA /* input_manager.cpp in Sources */,
				A59062A92AC8932F0058A1BA /* mazeBuilder.cpp in Sources */,
				A59062A02AC8932F0058A1BA /* ascii_art_object.cpp in Sources */,
				A590629C2AC8932F0058A1BA /* vector2.cpp in Sources */,
				A590629A2AC8932F0058A1BA /* renderer.cpp in Sources */,
				A59062A72AC8932F0058A1BA /* player.cpp in Sources */,
				A583DF162A9A9F8900D4FEC1 /* main.cpp in Sources */,
				A59062A12AC8932F0058A1BA /* object.cpp in Sources */,
				A59062A82AC8932F0058A1BA /* room.cpp in Sources */,
				A59062A32AC8932F0058A1BA /* sdl_object.cpp in Sources */,
				A590629F2AC8932F0058A1BA /* arrow_input.cpp in Sources */,
				A590629D2AC8932F0058A1BA /* keyboard_input.cpp in Sources */,
				A59062A42AC8932F0058A1BA /* room_instance.cpp in Sources */,
				A59062A52AC8932F0058A1BA /* texture_manager.cpp in Sources */,
				A590629B2AC8932F0058A1BA /* game.cpp in Sources */,
				A59062AA2AC8932F0058A1BA /* engine.cpp in Sources */,
				A59062A62AC8932F0058A1BA /* maze.cpp in Sources */,
			);
			runOnlyForDeploymentPostprocessing = 0;
		};
/* End PBXSourcesBuildPhase section */

/* Begin XCBuildConfiguration section */
		A583DF172A9A9F8900D4FEC1 /* Debug */ = {
			isa = XCBuildConfiguration;
			buildSettings = {
				ALWAYS_SEARCH_USER_PATHS = NO;
				CLANG_ANALYZER_NONNULL = YES;
				CLANG_ANALYZER_NUMBER_OBJECT_CONVERSION = YES_AGGRESSIVE;
				CLANG_CXX_LANGUAGE_STANDARD = "gnu++20";
				CLANG_ENABLE_MODULES = YES;
				CLANG_ENABLE_OBJC_ARC = YES;
				CLANG_ENABLE_OBJC_WEAK = YES;
				CLANG_WARN_BLOCK_CAPTURE_AUTORELEASING = YES;
				CLANG_WARN_BOOL_CONVERSION = YES;
				CLANG_WARN_COMMA = YES;
				CLANG_WARN_CONSTANT_CONVERSION = YES;
				CLANG_WARN_DEPRECATED_OBJC_IMPLEMENTATIONS = YES;
				CLANG_WARN_DIRECT_OBJC_ISA_USAGE = YES_ERROR;
				CLANG_WARN_DOCUMENTATION_COMMENTS = YES;
				CLANG_WARN_EMPTY_BODY = YES;
				CLANG_WARN_ENUM_CONVERSION = YES;
				CLANG_WARN_INFINITE_RECURSION = YES;
				CLANG_WARN_INT_CONVERSION = YES;
				CLANG_WARN_NON_LITERAL_NULL_CONVERSION = YES;
				CLANG_WARN_OBJC_IMPLICIT_RETAIN_SELF = YES;
				CLANG_WARN_OBJC_LITERAL_CONVERSION = YES;
				CLANG_WARN_OBJC_ROOT_CLASS = YES_ERROR;
				CLANG_WARN_QUOTED_INCLUDE_IN_FRAMEWORK_HEADER = YES;
				CLANG_WARN_RANGE_LOOP_ANALYSIS = YES;
				CLANG_WARN_STRICT_PROTOTYPES = YES;
				CLANG_WARN_SUSPICIOUS_MOVE = YES;
				CLANG_WARN_UNGUARDED_AVAILABILITY = YES_AGGRESSIVE;
				CLANG_WARN_UNREACHABLE_CODE = YES;
				CLANG_WARN__DUPLICATE_METHOD_MATCH = YES;
				COPY_PHASE_STRIP = NO;
				DEBUG_INFORMATION_FORMAT = dwarf;
				ENABLE_STRICT_OBJC_MSGSEND = YES;
				ENABLE_TESTABILITY = YES;
				GCC_C_LANGUAGE_STANDARD = gnu11;
				GCC_DYNAMIC_NO_PIC = NO;
				GCC_NO_COMMON_BLOCKS = YES;
				GCC_OPTIMIZATION_LEVEL = 0;
				GCC_PREPROCESSOR_DEFINITIONS = (
					"DEBUG=1",
					"$(inherited)",
				);
				GCC_WARN_64_TO_32_BIT_CONVERSION = YES;
				GCC_WARN_ABOUT_RETURN_TYPE = YES_ERROR;
				GCC_WARN_UNDECLARED_SELECTOR = YES;
				GCC_WARN_UNINITIALIZED_AUTOS = YES_AGGRESSIVE;
				GCC_WARN_UNUSED_FUNCTION = YES;
				GCC_WARN_UNUSED_VARIABLE = YES;
				MACOSX_DEPLOYMENT_TARGET = 13.3;
				MTL_ENABLE_DEBUG_INFO = INCLUDE_SOURCE;
				MTL_FAST_MATH = YES;
				ONLY_ACTIVE_ARCH = YES;
				SDKROOT = macosx;
			};
			name = Debug;
		};
		A583DF182A9A9F8900D4FEC1 /* Release */ = {
			isa = XCBuildConfiguration;
			buildSettings = {
				ALWAYS_SEARCH_USER_PATHS = NO;
				CLANG_ANALYZER_NONNULL = YES;
				CLANG_ANALYZER_NUMBER_OBJECT_CONVERSION = YES_AGGRESSIVE;
				CLANG_CXX_LANGUAGE_STANDARD = "gnu++20";
				CLANG_ENABLE_MODULES = YES;
				CLANG_ENABLE_OBJC_ARC = YES;
				CLANG_ENABLE_OBJC_WEAK = YES;
				CLANG_WARN_BLOCK_CAPTURE_AUTORELEASING = YES;
				CLANG_WARN_BOOL_CONVERSION = YES;
				CLANG_WARN_COMMA = YES;
				CLANG_WARN_CONSTANT_CONVERSION = YES;
				CLANG_WARN_DEPRECATED_OBJC_IMPLEMENTATIONS = YES;
				CLANG_WARN_DIRECT_OBJC_ISA_USAGE = YES_ERROR;
				CLANG_WARN_DOCUMENTATION_COMMENTS = YES;
				CLANG_WARN_EMPTY_BODY = YES;
				CLANG_WARN_ENUM_CONVERSION = YES;
				CLANG_WARN_INFINITE_RECURSION = YES;
				CLANG_WARN_INT_CONVERSION = YES;
				CLANG_WARN_NON_LITERAL_NULL_CONVERSION = YES;
				CLANG_WARN_OBJC_IMPLICIT_RETAIN_SELF = YES;
				CLANG_WARN_OBJC_LITERAL_CONVERSION = YES;
				CLANG_WARN_OBJC_ROOT_CLASS = YES_ERROR;
				CLANG_WARN_QUOTED_INCLUDE_IN_FRAMEWORK_HEADER = YES;
				CLANG_WARN_RANGE_LOOP_ANALYSIS = YES;
				CLANG_WARN_STRICT_PROTOTYPES = YES;
				CLANG_WARN_SUSPICIOUS_MOVE = YES;
				CLANG_WARN_UNGUARDED_AVAILABILITY = YES_AGGRESSIVE;
				CLANG_WARN_UNREACHABLE_CODE = YES;
				CLANG_WARN__DUPLICATE_METHOD_MATCH = YES;
				COPY_PHASE_STRIP = NO;
				DEBUG_INFORMATION_FORMAT = "dwarf-with-dsym";
				ENABLE_NS_ASSERTIONS = NO;
				ENABLE_STRICT_OBJC_MSGSEND = YES;
				GCC_C_LANGUAGE_STANDARD = gnu11;
				GCC_NO_COMMON_BLOCKS = YES;
				GCC_WARN_64_TO_32_BIT_CONVERSION = YES;
				GCC_WARN_ABOUT_RETURN_TYPE = YES_ERROR;
				GCC_WARN_UNDECLARED_SELECTOR = YES;
				GCC_WARN_UNINITIALIZED_AUTOS = YES_AGGRESSIVE;
				GCC_WARN_UNUSED_FUNCTION = YES;
				GCC_WARN_UNUSED_VARIABLE = YES;
				MACOSX_DEPLOYMENT_TARGET = 13.3;
				MTL_ENABLE_DEBUG_INFO = NO;
				MTL_FAST_MATH = YES;
				SDKROOT = macosx;
			};
			name = Release;
		};
		A583DF1A2A9A9F8900D4FEC1 /* Debug */ = {
			isa = XCBuildConfiguration;
			buildSettings = {
				CODE_SIGN_ENTITLEMENTS = sdl_personal/sdl_personal.entitlements;
				"CODE_SIGN_IDENTITY[sdk=macosx*]" = "-";
				CODE_SIGN_STYLE = Manual;
				DEVELOPMENT_TEAM = "";
				ENABLE_HARDENED_RUNTIME = YES;
				FRAMEWORK_SEARCH_PATHS = (
					"$(inherited)",
					"$(LOCAL_LIBRARY_DIR)/Frameworks",
				);
				PRODUCT_NAME = "$(TARGET_NAME)";
				PROVISIONING_PROFILE_SPECIFIER = "";
			};
			name = Debug;
		};
		A583DF1B2A9A9F8900D4FEC1 /* Release */ = {
			isa = XCBuildConfiguration;
			buildSettings = {
				CODE_SIGN_ENTITLEMENTS = sdl_personal/sdl_personal.entitlements;
				"CODE_SIGN_IDENTITY[sdk=macosx*]" = "-";
				CODE_SIGN_STYLE = Manual;
				DEVELOPMENT_TEAM = "";
				ENABLE_HARDENED_RUNTIME = YES;
				FRAMEWORK_SEARCH_PATHS = (
					"$(inherited)",
					"$(LOCAL_LIBRARY_DIR)/Frameworks",
				);
				PRODUCT_NAME = "$(TARGET_NAME)";
				PROVISIONING_PROFILE_SPECIFIER = "";
			};
			name = Release;
		};
/* End XCBuildConfiguration section */

/* Begin XCConfigurationList section */
		A583DF0D2A9A9F8900D4FEC1 /* Build configuration list for PBXProject "sdl_personal" */ = {
			isa = XCConfigurationList;
			buildConfigurations = (
				A583DF172A9A9F8900D4FEC1 /* Debug */,
				A583DF182A9A9F8900D4FEC1 /* Release */,
			);
			defaultConfigurationIsVisible = 0;
			defaultConfigurationName = Release;
		};
		A583DF192A9A9F8900D4FEC1 /* Build configuration list for PBXNativeTarget "sdl_personal" */ = {
			isa = XCConfigurationList;
			buildConfigurations = (
				A583DF1A2A9A9F8900D4FEC1 /* Debug */,
				A583DF1B2A9A9F8900D4FEC1 /* Release */,
			);
			defaultConfigurationIsVisible = 0;
			defaultConfigurationName = Release;
		};
/* End XCConfigurationList section */
	};
	rootObject = A583DF0A2A9A9F8900D4FEC1 /* Project object */;
}
